
Microsoft Visual Studio Solution File, Format Version 12.00
# Visual Studio 15
VisualStudioVersion = 15.0.26730.15
MinimumVisualStudioVersion = 10.0.40219.1
Project("{FAE04EC0-301F-11D3-BF4B-00C04F79EFBC}") = "Killerapp", "Killerapp\Killerapp.csproj", "{033EFC26-0E88-444A-AF73-37E63E846742}"
EndProject
Project("{2150E333-8FDC-42A3-9474-1A3956D46DE8}") = "Images", "Images", "{F0ED631A-1A37-4673-A137-8A4D12BF4BD2}"
	ProjectSection(SolutionItems) = preProject
		Killerapp\Images\bacslider.png = Killerapp\Images\bacslider.png
		Killerapp\Images\loginbg.jpg = Killerapp\Images\loginbg.jpg
		Killerapp\Images\whislider.jpg = Killerapp\Images\whislider.jpg
		Killerapp\Images\whisrockslider.jpg = Killerapp\Images\whisrockslider.jpg
	EndProjectSection
EndProject
Project("{FAE04EC0-301F-11D3-BF4B-00C04F79EFBC}") = "Models", "Models\Models.csproj", "{73D7E8AB-6B88-43CB-9D4D-D767C88293D8}"
EndProject
Global
	GlobalSection(SolutionConfigurationPlatforms) = preSolution
		Debug|Any CPU = Debug|Any CPU
		Release|Any CPU = Release|Any CPU
	EndGlobalSection
	GlobalSection(ProjectConfigurationPlatforms) = postSolution
		{033EFC26-0E88-444A-AF73-37E63E846742}.Debug|Any CPU.ActiveCfg = Debug|Any CPU
		{033EFC26-0E88-444A-AF73-37E63E846742}.Debug|Any CPU.Build.0 = Debug|Any CPU
		{033EFC26-0E88-444A-AF73-37E63E846742}.Release|Any CPU.ActiveCfg = Release|Any CPU
		{033EFC26-0E88-444A-AF73-37E63E846742}.Release|Any CPU.Build.0 = Release|Any CPU
		{73D7E8AB-6B88-43CB-9D4D-D767C88293D8}.Debug|Any CPU.ActiveCfg = Debug|Any CPU
		{73D7E8AB-6B88-43CB-9D4D-D767C88293D8}.Debug|Any CPU.Build.0 = Debug|Any CPU
		{73D7E8AB-6B88-43CB-9D4D-D767C88293D8}.Release|Any CPU.ActiveCfg = Release|Any CPU
		{73D7E8AB-6B88-43CB-9D4D-D767C88293D8}.Release|Any CPU.Build.0 = Release|Any CPU
	EndGlobalSection
	GlobalSection(SolutionProperties) = preSolution
		HideSolutionNode = FALSE
	EndGlobalSection
	GlobalSection(ExtensibilityGlobals) = postSolution
		SolutionGuid = {6179FFCE-B771-4BC4-A62C-FA0D378FA30E}
	EndGlobalSection
EndGlobal
